Microsoft Visual Studio Solution File, Format Version 12.00
# Visual Studio Version 17
VisualStudioVersion = 17.2.32616.157
MinimumVisualStudioVersion = 17.2.32616.157
Project("{ABEAEDB4-2880-4910-B956-5BEFAE559D07}") = "RulesEngineService", "RulesEngineService\RulesEngineService.csproj", "{7D6AA566-F402-4231-99AF-B5C74B68299A}"
EndProject
Global
	GlobalSection(SolutionConfigurationPlatforms) = preSolution
		Debug|Any CPU = Debug|Any CPU
		Release|Any CPU = Release|Any CPU
	EndGlobalSection
	GlobalSection(ProjectConfigurationPlatforms) = postSolution
		{7D6AA566-F402-4231-99AF-B5C74B68299A}.Debug|Any CPU.ActiveCfg = Debug|Any CPU
		{7D6AA566-F402-4231-99AF-B5C74B68299A}.Debug|Any CPU.Build.0 = Debug|Any CPU
		{7D6AA566-F402-4231-99AF-B5C74B68299A}.Release|Any CPU.ActiveCfg = Release|Any CPU
		{7D6AA566-F402-4231-99AF-B5C74B68299A}.Release|Any CPU.Build.0 = Release|Any CPU
	EndGlobalSection
	GlobalSection(SolutionProperties) = preSolution
		HideSolutionNode = FALSE
	EndGlobalSection
	GlobalSection(ExtensibilityGlobals) = postSolution
		SolutionGuid = {15D6C466-2ADD-4856-80A8-4786CF2F834E}
	EndGlobalSection
EndGlobal
